<Solution>
  <Folder Name="/Solution Items/">
    <File Path="Directory.Packages.props" />
  </Folder>
  <Folder Name="/src/">
    <Project Path="src/Orchestrun.Core.Contracts/Orchestrun.Core.Contracts.csproj" />
    <Project Path="src/Orchestrun.Core.Hosting/Orchestrun.Core.Hosting.csproj" />
    
  </Folder>
  <Folder Name="/tests/">
    <Project Path="tests/Orchestrun.Core.Hosting.IntegrationTests/Orchestrun.Core.Hosting.IntegrationTests.csproj" />
    <Project Path="tests/Orchestrun.Core.Hosting.TestConsole/Orchestrun.Core.Hosting.TestConsole.csproj" />
    
  </Folder>
</Solution>
